{
  "pins" : [
    {
      "identity" : "kingfisher",
      "kind" : "remoteSourceControl",
      "location" : "https://github.com/onevcat/Kingfisher.git",
      "state" : {
        "revision" : "59eb199fdb8dd47733624e8b0277822d0232579e",
        "version" : "7.2.2"
      }
    },
    {
      "identity" : "pullupcontroller",
      "kind" : "remoteSourceControl",
      "location" : "https://github.com/MarioIannotta/PullUpController",
      "state" : {
        "revision" : "6192b4745a4423e8fd2dc0a4eb8d34ca247a5163",
        "version" : "0.8.0"
      }
    }
  ],
  "version" : 2
}
